{
  "lockfileVersion": 1,
  "configVersion": 1,
  "workspaces": {
    "": {
      "name": "@mosaic/api",
      "dependencies": {
        "@tanstack/react-query": "^5.0.0",
      },
      "devDependencies": {
        "typescript": "^5.0.0",
      },
      "peerDependencies": {
        "typescript": "^5.0.0",
      },
    },
  },
  "packages": {
    "@tanstack/query-core": ["@tanstack/query-core@5.90.20", "", {}, "sha512-OMD2HLpNouXEfZJWcKeVKUgQ5n+n3A2JFmBaScpNDUqSrQSjiveC7dKMe53uJUg1nDG16ttFPz2xfilz6i2uVg=="],

    "@tanstack/react-query": ["@tanstack/react-query@5.90.21", "", { "dependencies": { "@tanstack/query-core": "5.90.20" }, "peerDependencies": { "react": "^18 || ^19" } }, "sha512-0Lu6y5t+tvlTJMTO7oh5NSpJfpg/5D41LlThfepTixPYkJ0sE2Jj0m0f6yYqujBwIXlId87e234+MxG3D3g7kg=="],

    "react": ["react@19.2.4", "", {}, "sha512-9nfp2hYpCwOjAN+8TZFGhtWEwgvWHXqESH8qT89AT/lWklpLON22Lc8pEtnpsZz7VmawabSU0gCjnj8aC0euHQ=="],

    "typescript": ["typescript@5.9.3", "", { "bin": { "tsc": "bin/tsc", "tsserver": "bin/tsserver" } }, "sha512-jl1vZzPDinLr9eUt3J/t7V6FgNEw9QjvBPdysz9KfQDD41fQrC2Y4vKQdiaUpFT4bXlb1RHhLpp8wtm6M5TgSw=="],
  }
}
